
Microsoft Visual Studio Solution File, Format Version 12.00
# Visual Studio Version 17
VisualStudioVersion = 17.12.35707.178
MinimumVisualStudioVersion = 10.0.40219.1
Project("{FAE04EC0-301F-11D3-BF4B-00C04F79EFBC}") = "ConsoleApp", "ConsoleApp\ConsoleApp.csproj", "{5052B4AC-AEB7-41D0-B167-D089F3C61F02}"
EndProject
Project("{FAE04EC0-301F-11D3-BF4B-00C04F79EFBC}") = "Model", "Model\Model.csproj", "{D8AE7843-5803-49DD-B8B6-AD2C00B22737}"
EndProject
Project("{FAE04EC0-301F-11D3-BF4B-00C04F79EFBC}") = "Logic", "Logic\Logic.csproj", "{96E26430-20EB-46A7-BBC7-350C24C3EDAF}"
EndProject
Project("{FAE04EC0-301F-11D3-BF4B-00C04F79EFBC}") = "WinFormsApp", "WinFormsApp\WinFormsApp.csproj", "{8602BB72-719D-490E-A7A2-18A6111F7D91}"
EndProject
Project("{FAE04EC0-301F-11D3-BF4B-00C04F79EFBC}") = "DataAccessLayer", "DataAccessLayer\DataAccessLayer.csproj", "{F7A206E3-94A9-4B5D-A54D-BCA84651FC72}"
EndProject
Project("{2150E333-8FDC-42A3-9474-1A3956D46DE8}") = "Элементы решения", "Элементы решения", "{81B08393-576E-4487-8079-51A7638C8E33}"
EndProject
Global
	GlobalSection(SolutionConfigurationPlatforms) = preSolution
		Debug|Any CPU = Debug|Any CPU
		Release|Any CPU = Release|Any CPU
	EndGlobalSection
	GlobalSection(ProjectConfigurationPlatforms) = postSolution
		{5052B4AC-AEB7-41D0-B167-D089F3C61F02}.Debug|Any CPU.ActiveCfg = Debug|Any CPU
		{5052B4AC-AEB7-41D0-B167-D089F3C61F02}.Debug|Any CPU.Build.0 = Debug|Any CPU
		{5052B4AC-AEB7-41D0-B167-D089F3C61F02}.Release|Any CPU.ActiveCfg = Release|Any CPU
		{5052B4AC-AEB7-41D0-B167-D089F3C61F02}.Release|Any CPU.Build.0 = Release|Any CPU
		{D8AE7843-5803-49DD-B8B6-AD2C00B22737}.Debug|Any CPU.ActiveCfg = Debug|Any CPU
		{D8AE7843-5803-49DD-B8B6-AD2C00B22737}.Debug|Any CPU.Build.0 = Debug|Any CPU
		{D8AE7843-5803-49DD-B8B6-AD2C00B22737}.Release|Any CPU.ActiveCfg = Release|Any CPU
		{D8AE7843-5803-49DD-B8B6-AD2C00B22737}.Release|Any CPU.Build.0 = Release|Any CPU
		{96E26430-20EB-46A7-BBC7-350C24C3EDAF}.Debug|Any CPU.ActiveCfg = Debug|Any CPU
		{96E26430-20EB-46A7-BBC7-350C24C3EDAF}.Debug|Any CPU.Build.0 = Debug|Any CPU
		{96E26430-20EB-46A7-BBC7-350C24C3EDAF}.Release|Any CPU.ActiveCfg = Release|Any CPU
		{96E26430-20EB-46A7-BBC7-350C24C3EDAF}.Release|Any CPU.Build.0 = Release|Any CPU
		{8602BB72-719D-490E-A7A2-18A6111F7D91}.Debug|Any CPU.ActiveCfg = Debug|Any CPU
		{8602BB72-719D-490E-A7A2-18A6111F7D91}.Debug|Any CPU.Build.0 = Debug|Any CPU
		{8602BB72-719D-490E-A7A2-18A6111F7D91}.Release|Any CPU.ActiveCfg = Release|Any CPU
		{8602BB72-719D-490E-A7A2-18A6111F7D91}.Release|Any CPU.Build.0 = Release|Any CPU
		{F7A206E3-94A9-4B5D-A54D-BCA84651FC72}.Debug|Any CPU.ActiveCfg = Debug|Any CPU
		{F7A206E3-94A9-4B5D-A54D-BCA84651FC72}.Debug|Any CPU.Build.0 = Debug|Any CPU
		{F7A206E3-94A9-4B5D-A54D-BCA84651FC72}.Release|Any CPU.ActiveCfg = Release|Any CPU
		{F7A206E3-94A9-4B5D-A54D-BCA84651FC72}.Release|Any CPU.Build.0 = Release|Any CPU
	EndGlobalSection
	GlobalSection(SolutionProperties) = preSolution
		HideSolutionNode = FALSE
	EndGlobalSection
EndGlobal
